
Microsoft Visual Studio Solution File, Format Version 12.00
# Visual Studio Version 17
VisualStudioVersion = 17.0.31903.59
MinimumVisualStudioVersion = 10.0.40219.1
Project("{FAE04EC0-301F-11D3-BF4B-00C04F79EFBC}") = "SETUP", "SETUP.csproj", "{2DA102B8-6A99-423B-8B02-543B5F87DCE2}"
EndProject
Global
	GlobalSection(SolutionConfigurationPlatforms) = preSolution
		SETUP_ENV|Any CPU = SETUP_ENV|Any CPU
	EndGlobalSection
	GlobalSection(SolutionProperties) = preSolution
		HideSolutionNode = FALSE
	EndGlobalSection
	GlobalSection(ProjectConfigurationPlatforms) = postSolution
		{2DA102B8-6A99-423B-8B02-543B5F87DCE2}.SETUP_ENV|Any CPU.ActiveCfg = SETUP_ENV|Any CPU
		{2DA102B8-6A99-423B-8B02-543B5F87DCE2}.SETUP_ENV|Any CPU.Build.0 = SETUP_ENV|Any CPU
	EndGlobalSection
EndGlobal
